
Microsoft Visual Studio Solution File, Format Version 12.00
# Visual Studio Version 17
VisualStudioVersion = 17.9.34723.18
MinimumVisualStudioVersion = 10.0.40219.1
Project("{9A19103F-16F7-4668-BE54-9A1E7A4F7556}") = "TimePunch-WPF-StackedUI", "TimePunch-WPF-StackedUI\TimePunch-WPF-StackedUI.csproj", "{269FCE80-75B4-4901-8DF4-7660F03F7D52}"
EndProject
Project("{9A19103F-16F7-4668-BE54-9A1E7A4F7556}") = "TimePunch-WPF-StackedModern-Demo", "TimePunch-WPF-StackedModern-Demo\TimePunch-WPF-StackedModern-Demo.csproj", "{68FEEAE5-84FC-4D67-8A0C-9B954E31B6BD}"
EndProject
Project("{2150E333-8FDC-42A3-9474-1A3956D46DE8}") = "Framework", "Framework", "{3726F6D9-D27A-4966-BE85-B65CFE1B4DF8}"
EndProject
Project("{2150E333-8FDC-42A3-9474-1A3956D46DE8}") = "Demo", "Demo", "{E2A33218-2806-4002-AF2C-FF071BE93FD8}"
EndProject
Project("{FAE04EC0-301F-11D3-BF4B-00C04F79EFBC}") = "TimePunch-WPF-StackedUI-Demo", "TimePunch-WPF-StackedUI-Demo\TimePunch-WPF-StackedUI-Demo.csproj", "{3BBABB37-EA6A-495E-812E-9762F98C207B}"
EndProject
Project("{9A19103F-16F7-4668-BE54-9A1E7A4F7556}") = "TimePunch-WinUI-StackedUI", "TimePunch-WinUI-StackedUI\TimePunch-WinUI-StackedUI.csproj", "{E86773AB-1E59-4FCB-BC0F-B7287E39A49B}"
EndProject
Project("{FAE04EC0-301F-11D3-BF4B-00C04F79EFBC}") = "TimePunch-WinUI-StackedUI-Demo", "TimePunch-WinUI-StackedUI-Demo\TimePunch-WinUI-StackedUI-Demo.csproj", "{0BF301DD-7370-4DCA-BE4C-ED6A349DB335}"
EndProject
Global
	GlobalSection(SolutionConfigurationPlatforms) = preSolution
		Debug|Any CPU = Debug|Any CPU
		Debug|ARM64 = Debug|ARM64
		Debug|x64 = Debug|x64
		Debug|x86 = Debug|x86
		Release|Any CPU = Release|Any CPU
		Release|ARM64 = Release|ARM64
		Release|x64 = Release|x64
		Release|x86 = Release|x86
	EndGlobalSection
	GlobalSection(ProjectConfigurationPlatforms) = postSolution
		{269FCE80-75B4-4901-8DF4-7660F03F7D52}.Debug|Any CPU.ActiveCfg = Debug|Any CPU
		{269FCE80-75B4-4901-8DF4-7660F03F7D52}.Debug|Any CPU.Build.0 = Debug|Any CPU
		{269FCE80-75B4-4901-8DF4-7660F03F7D52}.Debug|ARM64.ActiveCfg = Debug|Any CPU
		{269FCE80-75B4-4901-8DF4-7660F03F7D52}.Debug|ARM64.Build.0 = Debug|Any CPU
		{269FCE80-75B4-4901-8DF4-7660F03F7D52}.Debug|x64.ActiveCfg = Debug|Any CPU
		{269FCE80-75B4-4901-8DF4-7660F03F7D52}.Debug|x64.Build.0 = Debug|Any CPU
		{269FCE80-75B4-4901-8DF4-7660F03F7D52}.Debug|x86.ActiveCfg = Debug|Any CPU
		{269FCE80-75B4-4901-8DF4-7660F03F7D52}.Debug|x86.Build.0 = Debug|Any CPU
		{269FCE80-75B4-4901-8DF4-7660F03F7D52}.Release|Any CPU.ActiveCfg = Release|Any CPU
		{269FCE80-75B4-4901-8DF4-7660F03F7D52}.Release|Any CPU.Build.0 = Release|Any CPU
		{269FCE80-75B4-4901-8DF4-7660F03F7D52}.Release|ARM64.ActiveCfg = Release|Any CPU
		{269FCE80-75B4-4901-8DF4-7660F03F7D52}.Release|ARM64.Build.0 = Release|Any CPU
		{269FCE80-75B4-4901-8DF4-7660F03F7D52}.Release|x64.ActiveCfg = Release|Any CPU
		{269FCE80-75B4-4901-8DF4-7660F03F7D52}.Release|x64.Build.0 = Release|Any CPU
		{269FCE80-75B4-4901-8DF4-7660F03F7D52}.Release|x86.ActiveCfg = Release|Any CPU
		{269FCE80-75B4-4901-8DF4-7660F03F7D52}.Release|x86.Build.0 = Release|Any CPU
		{68FEEAE5-84FC-4D67-8A0C-9B954E31B6BD}.Debug|Any CPU.ActiveCfg = Debug|Any CPU
		{68FEEAE5-84FC-4D67-8A0C-9B954E31B6BD}.Debug|Any CPU.Build.0 = Debug|Any CPU
		{68FEEAE5-84FC-4D67-8A0C-9B954E31B6BD}.Debug|ARM64.ActiveCfg = Debug|Any CPU
		{68FEEAE5-84FC-4D67-8A0C-9B954E31B6BD}.Debug|ARM64.Build.0 = Debug|Any CPU
		{68FEEAE5-84FC-4D67-8A0C-9B954E31B6BD}.Debug|x64.ActiveCfg = Debug|Any CPU
		{68FEEAE5-84FC-4D67-8A0C-9B954E31B6BD}.Debug|x64.Build.0 = Debug|Any CPU
		{68FEEAE5-84FC-4D67-8A0C-9B954E31B6BD}.Debug|x86.ActiveCfg = Debug|Any CPU
		{68FEEAE5-84FC-4D67-8A0C-9B954E31B6BD}.Debug|x86.Build.0 = Debug|Any CPU
		{68FEEAE5-84FC-4D67-8A0C-9B954E31B6BD}.Release|Any CPU.ActiveCfg = Release|Any CPU
		{68FEEAE5-84FC-4D67-8A0C-9B954E31B6BD}.Release|Any CPU.Build.0 = Release|Any CPU
		{68FEEAE5-84FC-4D67-8A0C-9B954E31B6BD}.Release|ARM64.ActiveCfg = Release|Any CPU
		{68FEEAE5-84FC-4D67-8A0C-9B954E31B6BD}.Release|ARM64.Build.0 = Release|Any CPU
		{68FEEAE5-84FC-4D67-8A0C-9B954E31B6BD}.Release|x64.ActiveCfg = Release|Any CPU
		{68FEEAE5-84FC-4D67-8A0C-9B954E31B6BD}.Release|x64.Build.0 = Release|Any CPU
		{68FEEAE5-84FC-4D67-8A0C-9B954E31B6BD}.Release|x86.ActiveCfg = Release|Any CPU
		{68FEEAE5-84FC-4D67-8A0C-9B954E31B6BD}.Release|x86.Build.0 = Release|Any CPU
		{3BBABB37-EA6A-495E-812E-9762F98C207B}.Debug|Any CPU.ActiveCfg = Debug|Any CPU
		{3BBABB37-EA6A-495E-812E-9762F98C207B}.Debug|Any CPU.Build.0 = Debug|Any CPU
		{3BBABB37-EA6A-495E-812E-9762F98C207B}.Debug|ARM64.ActiveCfg = Debug|Any CPU
		{3BBABB37-EA6A-495E-812E-9762F98C207B}.Debug|ARM64.Build.0 = Debug|Any CPU
		{3BBABB37-EA6A-495E-812E-9762F98C207B}.Debug|x64.ActiveCfg = Debug|Any CPU
		{3BBABB37-EA6A-495E-812E-9762F98C207B}.Debug|x64.Build.0 = Debug|Any CPU
		{3BBABB37-EA6A-495E-812E-9762F98C207B}.Debug|x86.ActiveCfg = Debug|Any CPU
		{3BBABB37-EA6A-495E-812E-9762F98C207B}.Debug|x86.Build.0 = Debug|Any CPU
		{3BBABB37-EA6A-495E-812E-9762F98C207B}.Release|Any CPU.ActiveCfg = Release|Any CPU
		{3BBABB37-EA6A-495E-812E-9762F98C207B}.Release|Any CPU.Build.0 = Release|Any CPU
		{3BBABB37-EA6A-495E-812E-9762F98C207B}.Release|ARM64.ActiveCfg = Release|Any CPU
		{3BBABB37-EA6A-495E-812E-9762F98C207B}.Release|ARM64.Build.0 = Release|Any CPU
		{3BBABB37-EA6A-495E-812E-9762F98C207B}.Release|x64.ActiveCfg = Release|Any CPU
		{3BBABB37-EA6A-495E-812E-9762F98C207B}.Release|x64.Build.0 = Release|Any CPU
		{3BBABB37-EA6A-495E-812E-9762F98C207B}.Release|x86.ActiveCfg = Release|Any CPU
		{3BBABB37-EA6A-495E-812E-9762F98C207B}.Release|x86.Build.0 = Release|Any CPU
		{E86773AB-1E59-4FCB-BC0F-B7287E39A49B}.Debug|Any CPU.ActiveCfg = Debug|Any CPU
		{E86773AB-1E59-4FCB-BC0F-B7287E39A49B}.Debug|Any CPU.Build.0 = Debug|Any CPU
		{E86773AB-1E59-4FCB-BC0F-B7287E39A49B}.Debug|ARM64.ActiveCfg = Debug|Any CPU
		{E86773AB-1E59-4FCB-BC0F-B7287E39A49B}.Debug|ARM64.Build.0 = Debug|Any CPU
		{E86773AB-1E59-4FCB-BC0F-B7287E39A49B}.Debug|x64.ActiveCfg = Debug|Any CPU
		{E86773AB-1E59-4FCB-BC0F-B7287E39A49B}.Debug|x64.Build.0 = Debug|Any CPU
		{E86773AB-1E59-4FCB-BC0F-B7287E39A49B}.Debug|x86.ActiveCfg = Debug|Any CPU
		{E86773AB-1E59-4FCB-BC0F-B7287E39A49B}.Debug|x86.Build.0 = Debug|Any CPU
		{E86773AB-1E59-4FCB-BC0F-B7287E39A49B}.Release|Any CPU.ActiveCfg = Release|Any CPU
		{E86773AB-1E59-4FCB-BC0F-B7287E39A49B}.Release|Any CPU.Build.0 = Release|Any CPU
		{E86773AB-1E59-4FCB-BC0F-B7287E39A49B}.Release|ARM64.ActiveCfg = Release|Any CPU
		{E86773AB-1E59-4FCB-BC0F-B7287E39A49B}.Release|ARM64.Build.0 = Release|Any CPU
		{E86773AB-1E59-4FCB-BC0F-B7287E39A49B}.Release|x64.ActiveCfg = Release|Any CPU
		{E86773AB-1E59-4FCB-BC0F-B7287E39A49B}.Release|x64.Build.0 = Release|Any CPU
		{E86773AB-1E59-4FCB-BC0F-B7287E39A49B}.Release|x86.ActiveCfg = Release|Any CPU
		{E86773AB-1E59-4FCB-BC0F-B7287E39A49B}.Release|x86.Build.0 = Release|Any CPU
		{0BF301DD-7370-4DCA-BE4C-ED6A349DB335}.Debug|Any CPU.ActiveCfg = Debug|x64
		{0BF301DD-7370-4DCA-BE4C-ED6A349DB335}.Debug|Any CPU.Build.0 = Debug|x64
		{0BF301DD-7370-4DCA-BE4C-ED6A349DB335}.Debug|Any CPU.Deploy.0 = Debug|x64
		{0BF301DD-7370-4DCA-BE4C-ED6A349DB335}.Debug|ARM64.ActiveCfg = Debug|ARM64
		{0BF301DD-7370-4DCA-BE4C-ED6A349DB335}.Debug|ARM64.Build.0 = Debug|ARM64
		{0BF301DD-7370-4DCA-BE4C-ED6A349DB335}.Debug|ARM64.Deploy.0 = Debug|ARM64
		{0BF301DD-7370-4DCA-BE4C-ED6A349DB335}.Debug|x64.ActiveCfg = Debug|x64
		{0BF301DD-7370-4DCA-BE4C-ED6A349DB335}.Debug|x64.Build.0 = Debug|x64
		{0BF301DD-7370-4DCA-BE4C-ED6A349DB335}.Debug|x64.Deploy.0 = Debug|x64
		{0BF301DD-7370-4DCA-BE4C-ED6A349DB335}.Debug|x86.ActiveCfg = Debug|x86
		{0BF301DD-7370-4DCA-BE4C-ED6A349DB335}.Debug|x86.Build.0 = Debug|x86
		{0BF301DD-7370-4DCA-BE4C-ED6A349DB335}.Debug|x86.Deploy.0 = Debug|x86
		{0BF301DD-7370-4DCA-BE4C-ED6A349DB335}.Release|Any CPU.ActiveCfg = Release|x64
		{0BF301DD-7370-4DCA-BE4C-ED6A349DB335}.Release|Any CPU.Build.0 = Release|x64
		{0BF301DD-7370-4DCA-BE4C-ED6A349DB335}.Release|Any CPU.Deploy.0 = Release|x64
		{0BF301DD-7370-4DCA-BE4C-ED6A349DB335}.Release|ARM64.ActiveCfg = Release|ARM64
		{0BF301DD-7370-4DCA-BE4C-ED6A349DB335}.Release|ARM64.Build.0 = Release|ARM64
		{0BF301DD-7370-4DCA-BE4C-ED6A349DB335}.Release|ARM64.Deploy.0 = Release|ARM64
		{0BF301DD-7370-4DCA-BE4C-ED6A349DB335}.Release|x64.ActiveCfg = Release|x64
		{0BF301DD-7370-4DCA-BE4C-ED6A349DB335}.Release|x64.Build.0 = Release|x64
		{0BF301DD-7370-4DCA-BE4C-ED6A349DB335}.Release|x64.Deploy.0 = Release|x64
		{0BF301DD-7370-4DCA-BE4C-ED6A349DB335}.Release|x86.ActiveCfg = Release|x86
		{0BF301DD-7370-4DCA-BE4C-ED6A349DB335}.Release|x86.Build.0 = Release|x86
		{0BF301DD-7370-4DCA-BE4C-ED6A349DB335}.Release|x86.Deploy.0 = Release|x86
	EndGlobalSection
	GlobalSection(SolutionProperties) = preSolution
		HideSolutionNode = FALSE
	EndGlobalSection
	GlobalSection(NestedProjects) = preSolution
		{269FCE80-75B4-4901-8DF4-7660F03F7D52} = {3726F6D9-D27A-4966-BE85-B65CFE1B4DF8}
		{68FEEAE5-84FC-4D67-8A0C-9B954E31B6BD} = {E2A33218-2806-4002-AF2C-FF071BE93FD8}
		{3BBABB37-EA6A-495E-812E-9762F98C207B} = {E2A33218-2806-4002-AF2C-FF071BE93FD8}
		{E86773AB-1E59-4FCB-BC0F-B7287E39A49B} = {3726F6D9-D27A-4966-BE85-B65CFE1B4DF8}
		{0BF301DD-7370-4DCA-BE4C-ED6A349DB335} = {E2A33218-2806-4002-AF2C-FF071BE93FD8}
	EndGlobalSection
	GlobalSection(ExtensibilityGlobals) = postSolution
		SolutionGuid = {C510319A-4D69-4A98-9716-62C9D2F8B03E}
	EndGlobalSection
EndGlobal
