
Microsoft Visual Studio Solution File, Format Version 12.00
# Visual Studio 15
VisualStudioVersion = 15.0.28010.2036
MinimumVisualStudioVersion = 10.0.40219.1
Project("{FAE04EC0-301F-11D3-BF4B-00C04F79EFBC}") = "TimePunch-WPF-StackedUI", "TimePunch-WPF-StackedUI\TimePunch-WPF-StackedUI.csproj", "{269FCE80-75B4-4901-8DF4-7660F03F7D52}"
EndProject
Project("{FAE04EC0-301F-11D3-BF4B-00C04F79EFBC}") = "TimePunch-WPF-StackedUI-Demo", "TimePunch-WPF-StackedUI-Demo\TimePunch-WPF-StackedUI-Demo.csproj", "{3BBABB37-EA6A-495E-812E-9762F98C207B}"
EndProject
Global
	GlobalSection(SolutionConfigurationPlatforms) = preSolution
		Debug|Any CPU = Debug|Any CPU
		Release|Any CPU = Release|Any CPU
	EndGlobalSection
	GlobalSection(ProjectConfigurationPlatforms) = postSolution
		{269FCE80-75B4-4901-8DF4-7660F03F7D52}.Debug|Any CPU.ActiveCfg = Debug|Any CPU
		{269FCE80-75B4-4901-8DF4-7660F03F7D52}.Debug|Any CPU.Build.0 = Debug|Any CPU
		{269FCE80-75B4-4901-8DF4-7660F03F7D52}.Release|Any CPU.ActiveCfg = Release|Any CPU
		{269FCE80-75B4-4901-8DF4-7660F03F7D52}.Release|Any CPU.Build.0 = Release|Any CPU
		{3BBABB37-EA6A-495E-812E-9762F98C207B}.Debug|Any CPU.ActiveCfg = Debug|Any CPU
		{3BBABB37-EA6A-495E-812E-9762F98C207B}.Debug|Any CPU.Build.0 = Debug|Any CPU
		{3BBABB37-EA6A-495E-812E-9762F98C207B}.Release|Any CPU.ActiveCfg = Release|Any CPU
		{3BBABB37-EA6A-495E-812E-9762F98C207B}.Release|Any CPU.Build.0 = Release|Any CPU
	EndGlobalSection
	GlobalSection(SolutionProperties) = preSolution
		HideSolutionNode = FALSE
	EndGlobalSection
	GlobalSection(ExtensibilityGlobals) = postSolution
		SolutionGuid = {C510319A-4D69-4A98-9716-62C9D2F8B03E}
	EndGlobalSection
EndGlobal
